<?xml version="1.0" encoding="UTF-8" standalone="yes" ?>
<CodeBlocks_project_file>
	<FileVersion major="1" minor="6" />
	<Project>
		<Option title="ZeroMaid" />
		<Option pch_mode="2" />
		<Option compiler="gcc" />
		<Build>
			<Target title="Debug-Windows-i686-SDL">
				<Option platforms="Windows;" />
				<Option output="..\bin\Debug-Windows-i686-SDL\ZeroMaid" prefix_auto="1" extension_auto="1" />
				<Option working_dir="..\share" />
				<Option object_output="..\obj\Debug-Windows-i686-SDL" />
				<Option type="1" />
				<Option compiler="gcc" />
				<Compiler>
					<Add option="-pg" />
					<Add option="-g" />
					<Add option="-DUSEDEBUG" />
					<Add option="-DUSESDL" />
					<Add option="-DUSEMUSIC" />
					<Add directory="$(#sdl)\include" />
				</Compiler>
				<Linker>
					<Add option="-pg" />
					<Add option="-pg -lgmon" />
					<Add library="SDLmain" />
					<Add library="SDL.dll" />
					<Add library="user32" />
					<Add library="gdi32" />
					<Add library="winmm" />
					<Add library="dxguid" />
					<Add library="SDL_mixer" />
					<Add library="SDL_ttf" />
					<Add library="SDL_net" />
					<Add library="mingw32" />
					<Add directory="$(#sdl)\lib" />
				</Linker>
			</Target>
			<Target title="Debug-Windows-i686-Allegro">
				<Option platforms="Windows;" />
				<Option output="..\bin\Debug-Windows-i686-Allegro\ZeroMaid" prefix_auto="1" extension_auto="1" />
				<Option working_dir="..\share" />
				<Option object_output="..\obj\Debug-Windows-i686-Allegro" />
				<Option type="1" />
				<Option compiler="gcc" />
				<Compiler>
					<Add option="-pg" />
					<Add option="-g" />
					<Add option="-DUSEDEBUG" />
					<Add option="-DUSEALLEGRO" />
					<Add option="-DUSEMUSIC" />
					<Add directory="$(#allegro)\include" />
				</Compiler>
				<Linker>
					<Add option="-pg" />
					<Add option="-pg -lgmon" />
					<Add library="alleg" />
					<Add library="mingw32" />
					<Add directory="$(#allegro)\lib" />
				</Linker>
			</Target>
			<Target title="Debug-DOS-i386-Allegro">
				<Option output="..\bin\Debug-DOS-i386-Allegro\ZeroMaid" prefix_auto="1" extension_auto="1" />
				<Option working_dir="..\share" />
				<Option object_output="..\obj\Debug-DOS-i386-Allegro" />
				<Option type="1" />
				<Option compiler="djgpp_compiler" />
				<Compiler>
					<Add option="-pg" />
					<Add option="-g" />
					<Add option="-DUSEDEBUG" />
					<Add option="-DUSEALLEGRO" />
					<Add option="-DUSEMUSIC" />
				</Compiler>
				<Linker>
					<Add option="-pg -lgmon" />
					<Add library="alleg" />
				</Linker>
			</Target>
			<Target title="Release-Windows-i686-Allegro">
				<Option platforms="Windows;" />
				<Option output="..\bin\Release-Windows-i686-Allegro\ZeroMaid" prefix_auto="1" extension_auto="1" />
				<Option working_dir="..\share" />
				<Option object_output="..\obj\Release-Windows-i686-Allegro" />
				<Option type="0" />
				<Option compiler="gcc" />
				<Compiler>
					<Add option="-O2" />
					<Add option="-DUSEALLEGRO" />
					<Add option="-DUSEMUSIC" />
					<Add directory="$(#allegro)\include" />
				</Compiler>
				<Linker>
					<Add option="-s" />
					<Add library="alleg" />
					<Add library="mingw32" />
					<Add directory="$(#allegro)\lib" />
				</Linker>
			</Target>
			<Target title="Debug-Linux-i686-SDL">
				<Option platforms="Unix;" />
				<Option output="..\bin\Debug-Linux-i686-SDL\ZeroMaid" prefix_auto="1" extension_auto="1" />
				<Option working_dir="..\share" />
				<Option object_output="..\obj\Debug-Linux-i686SDL" />
				<Option type="1" />
				<Option compiler="gcc" />
				<Compiler>
					<Add option="-pg" />
					<Add option="-g" />
					<Add option="`sdl-config --cflags`" />
					<Add option="-DUSEDEBUG" />
					<Add option="-DUSESDL" />
					<Add option="-DUSEMUSIC" />
				</Compiler>
				<Linker>
					<Add option="-pg -lgmon" />
					<Add option="-pg" />
					<Add option="`sdl-config --libs`" />
					<Add library="SDL_mixer" />
					<Add library="SDL_ttf" />
					<Add library="SDL_image" />
				</Linker>
			</Target>
		</Build>
		<Compiler>
			<Add option="-Wall" />
			<Add option="-DTIXML_USE_STL" />
			<Add directory="..\..\Common\include" />
			<Add directory="C:\Program Files\Development\lib\boost_1_34_1" />
		</Compiler>
		<Unit filename="..\..\Common\include\alib_gfx.hpp" />
		<Unit filename="..\bin\Windows\Debug-SDL\stderr.txt">
			<Option target="Debug-Windows-i686-SDL" />
			<Option target="Debug-Linux-i686-SDL" />
		</Unit>
		<Unit filename="..\bin\Windows\Debug-SDL\stdout.txt">
			<Option target="Debug-Windows-i686-SDL" />
			<Option target="Debug-Linux-i686-SDL" />
		</Unit>
		<Unit filename="defines.h" />
		<Unit filename="main.c" />
		<Unit filename="graphics.h" />
		<Unit filename="graphics.c" />
		<Unit filename="resource.rc">
			<Option compilerVar="WINDRES" />
			<Option target="Debug-Windows-i686-SDL" />
			<Option target="Debug-Windows-i686-Allegro" />
			<Option target="Release-Windows-i686-Allegro" />
			<Option target="Debug-Linux-i686-SDL" />
		</Unit>
		<Unit filename="tinyxml\tinystr.cpp" />
		<Unit filename="tinyxml\tinystr.h" />
		<Unit filename="tinyxml\tinyxml.cpp" />
		<Unit filename="tinyxml\tinyxml.h" />
		<Unit filename="tinyxml\tinyxmlerror.cpp" />
		<Unit filename="tinyxml\tinyxmlparser.cpp" />
		<Extensions>
			<code_completion />
			<envvars set="default" />
			<debugger />
		</Extensions>
	</Project>
</CodeBlocks_project_file>
