<?xml version="1.0" encoding="UTF-8" standalone="yes" ?>
<CodeBlocks_project_file>
	<FileVersion major="1" minor="6" />
	<Project>
		<Option title="ZeroMaid" />
		<Option pch_mode="2" />
		<Option compiler="gcc" />
		<Build>
			<Target title="Debug-Windows-i686-SDL">
				<Option platforms="Windows;" />
				<Option output="..\bin\Debug-Windows-i686-SDL\ZeroMaid" prefix_auto="1" extension_auto="1" />
				<Option working_dir="..\share" />
				<Option object_output="..\obj\Debug-Windows-i686-SDL" />
				<Option type="1" />
				<Option compiler="gcc" />
				<Option use_console_runner="0" />
				<Compiler>
					<Add option="-pg" />
					<Add option="-g" />
					<Add option="-DUSEDEBUG" />
					<Add option="-DUSESDL" />
					<Add option="-DUSEMUSIC" />
					<Add directory="$(#sdl)\include" />
				</Compiler>
				<Linker>
					<Add option="-pg -lgmon" />
					<Add option="-pg" />
					<Add library="mingw32" />
					<Add library="SDLmain" />
					<Add library="SDL.dll" />
					<Add library="user32" />
					<Add library="gdi32" />
					<Add library="winmm" />
					<Add library="dxguid" />
					<Add library="SDL_mixer" />
					<Add library="SDL_ttf" />
					<Add directory="$(#sdl)\lib" />
				</Linker>
			</Target>
			<Target title="Release-Windows-i686-SDL">
				<Option platforms="Windows;" />
				<Option output="..\bin\Release-Windows-i686-SDL\ZeroMaid" prefix_auto="1" extension_auto="1" />
				<Option working_dir="..\share" />
				<Option object_output="..\obj\Release-Windows-i686-SDL" />
				<Option type="1" />
				<Option compiler="gcc" />
				<Option use_console_runner="0" />
				<Compiler>
					<Add option="-O2" />
					<Add option="-DUSESDL" />
					<Add option="-DUSEMUSIC" />
					<Add directory="$(#sdl)\include" />
				</Compiler>
				<Linker>
					<Add option="-s" />
					<Add option="-pg" />
					<Add library="mingw32" />
					<Add library="SDLmain" />
					<Add library="SDL.dll" />
					<Add library="user32" />
					<Add library="gdi32" />
					<Add library="winmm" />
					<Add library="dxguid" />
					<Add library="SDL_mixer" />
					<Add library="SDL_ttf" />
					<Add directory="$(#sdl)\lib" />
				</Linker>
			</Target>
			<Target title="Debug-Windows-i686-Allegro">
				<Option platforms="Windows;" />
				<Option output="..\bin\Debug-Windows-i686-Allegro\ZeroMaid" prefix_auto="1" extension_auto="1" />
				<Option working_dir="..\share" />
				<Option object_output="..\obj\Debug-Windows-i686-Allegro" />
				<Option type="1" />
				<Option compiler="gcc" />
				<Compiler>
					<Add option="-pg" />
					<Add option="-g" />
					<Add option="-DUSEDEBUG" />
					<Add option="-DUSEALLEGRO" />
					<Add option="-DUSEMUSIC" />
					<Add directory="$(#allegro)\include" />
				</Compiler>
				<Linker>
					<Add option="-pg" />
					<Add option="-pg -lgmon" />
					<Add library="alleg" />
					<Add library="mingw32" />
					<Add directory="$(#allegro)\lib" />
				</Linker>
			</Target>
			<Target title="Release-Windows-i686-Allegro">
				<Option platforms="Windows;" />
				<Option output="..\bin\Release-Windows-i686-Allegro\ZeroMaid" prefix_auto="1" extension_auto="1" />
				<Option working_dir="..\share" />
				<Option object_output="..\obj\Release-Windows-i686-Allegro" />
				<Option type="0" />
				<Option compiler="gcc" />
				<Compiler>
					<Add option="-O2" />
					<Add option="-DUSEALLEGRO" />
					<Add option="-DUSEMUSIC" />
					<Add directory="$(#allegro)\include" />
				</Compiler>
				<Linker>
					<Add option="-s" />
					<Add library="alleg" />
					<Add library="mingw32" />
					<Add directory="$(#allegro)\lib" />
				</Linker>
			</Target>
			<Target title="Debug-Linux-i686-SDL">
				<Option platforms="Unix;" />
				<Option output="..\bin\Debug-Linux-i686-SDL\ZeroMaid" prefix_auto="1" extension_auto="1" />
				<Option working_dir="..\share" />
				<Option object_output="..\obj\Debug-Linux-i686SDL" />
				<Option type="1" />
				<Option compiler="gcc" />
				<Compiler>
					<Add option="-pg" />
					<Add option="-g" />
					<Add option="`sdl-config --cflags`" />
					<Add option="-DUSEDEBUG" />
					<Add option="-DUSESDL" />
					<Add option="-DUSEMUSIC" />
				</Compiler>
				<Linker>
					<Add option="-pg -lgmon" />
					<Add option="-pg" />
					<Add option="`sdl-config --libs`" />
					<Add library="SDL_mixer" />
					<Add library="SDL_ttf" />
					<Add library="SDL_image" />
				</Linker>
			</Target>
			<Target title="Debug-DOS-i386-Allegro">
				<Option output="..\bin\Debug-DOS-i386-Allegro\ZeroMaid" prefix_auto="1" extension_auto="1" />
				<Option working_dir="..\share" />
				<Option object_output="..\obj\Debug-DOS-i386-Allegro" />
				<Option type="1" />
				<Option compiler="djgpp_compiler" />
				<Compiler>
					<Add option="-pg" />
					<Add option="-g" />
					<Add option="-DUSEDEBUG" />
					<Add option="-DUSEALLEGRO" />
					<Add option="-DUSEMUSIC" />
				</Compiler>
				<Linker>
					<Add option="-pg -lgmon" />
					<Add library="alleg" />
				</Linker>
			</Target>
			<Target title="Release-Wii-PPC-DKPWin">
				<Option platforms="Windows;" />
				<Option output="..\bin\Release-Wii-PPC-DKPWin\ZeroMaid" prefix_auto="1" extension_auto="1" />
				<Option working_dir="..\share" />
				<Option object_output="..\obj\Release-Wii-PPC-DKPWin" />
				<Option type="1" />
				<Option compiler="devkitpro_wii_ppc" />
				<Compiler>
					<Add option="-O2" />
					<Add option="-DUSEWII" />
					<Add option="-DNOGUFIX" />
					<Add directory="C:\lib\devkitPro\grrlib\include" />
				</Compiler>
				<Linker>
					<Add option="-s" />
					<Add library="C:\lib\devkitPro\libogc\lib\wii\libogc.a" />
					<Add library="C:\lib\devkitPro\libogc\lib\wii\libasnd.a" />
					<Add library="C:\lib\devkitPro\libogc\lib\wii\libbte.a" />
					<Add library="C:\lib\devkitPro\libogc\lib\wii\libdb.a" />
					<Add library="C:\lib\devkitPro\libogc\lib\wii\libdi.a" />
					<Add library="C:\lib\devkitPro\libogc\lib\wii\libfat.a" />
					<Add library="C:\lib\devkitPro\libogc\lib\wii\libiso9660.a" />
					<Add library="C:\lib\devkitPro\libogc\lib\wii\libmad.a" />
					<Add library="C:\lib\devkitPro\libogc\lib\wii\libmodplay.a" />
					<Add library="C:\lib\devkitPro\libogc\lib\wii\libtinysmb.a" />
					<Add library="C:\lib\devkitPro\libogc\lib\wii\libwiikeyboard.a" />
					<Add library="C:\lib\devkitPro\libogc\lib\wii\libwiiuse.a" />
					<Add library="C:\lib\devkitPro\libogc\lib\wii\libz.a" />
					<Add library="C:\lib\devkitPro\grrlib\lib\libgrrlib.a" />
					<Add library="C:\lib\devkitPro\grrlib\lib\libjpeg.a" />
					<Add library="C:\lib\devkitPro\grrlib\lib\libpng.a" />
					<Add library="C:\lib\devkitPro\grrlib\lib\libpngu.a" />
					<Add directory="C:\lib\devkitPro\libogc\lib\wii" />
					<Add directory="C:\lib\devkitPro\grrlib\lib" />
				</Linker>
			</Target>
			<Target title="Debug-Windows-i686-DirectX">
				<Option output="ZeroMaid" prefix_auto="1" extension_auto="1" />
				<Option type="0" />
				<Option compiler="microsoft_visual_c_2008" />
				<Compiler>
					<Add option="/Wall" />
					<Add option="/Zi /D_DEBUG" />
				</Compiler>
				<Linker>
					<Add option="/DEBUG" />
				</Linker>
			</Target>
		</Build>
		<Compiler>
			<Add option="-Wall" />
			<Add option="-DTIXML_USE_STL" />
			<Add directory="..\..\Common\include" />
			<Add directory="C:\Program Files\Development\lib\boost_1_34_1" />
		</Compiler>
		<Unit filename="bstring\bstrlib.c">
			<Option compilerVar="CC" />
		</Unit>
		<Unit filename="bstring\bstrlib.h" />
		<Unit filename="defines.h" />
		<Unit filename="event.c">
			<Option compilerVar="CC" />
		</Unit>
		<Unit filename="event.h" />
		<Unit filename="graphics.c">
			<Option compilerVar="CC" />
		</Unit>
		<Unit filename="graphics.h" />
		<Unit filename="main.c">
			<Option compilerVar="CC" />
		</Unit>
		<Unit filename="resource.rc">
			<Option compilerVar="WINDRES" />
			<Option target="Debug-Windows-i686-SDL" />
			<Option target="Debug-Windows-i686-Allegro" />
			<Option target="Release-Windows-i686-Allegro" />
			<Option target="Debug-Linux-i686-SDL" />
			<Option target="Release-Windows-i686-SDL" />
			<Option target="Debug-Windows-i686-DirectX" />
		</Unit>
		<Unit filename="systype_adventure.c">
			<Option compilerVar="CC" />
		</Unit>
		<Unit filename="systype_adventure.h" />
		<Unit filename="systype_title.c">
			<Option compilerVar="CC" />
		</Unit>
		<Unit filename="systype_title.h" />
		<Unit filename="tilemap.c">
			<Option compilerVar="CC" />
		</Unit>
		<Unit filename="tilemap.h" />
		<Extensions>
			<code_completion />
			<envvars set="default" />
			<debugger />
		</Extensions>
	</Project>
</CodeBlocks_project_file>
