<?xml version="1.0" encoding="UTF-8" standalone="yes" ?>
<CodeBlocks_project_file>
	<FileVersion major="1" minor="6" />
	<Project>
		<Option title="ZeroMaid" />
		<Option pch_mode="2" />
		<Option compiler="gcc" />
		<Build>
			<Target title="Debug-Windows-i686-SDL">
				<Option platforms="Windows;" />
				<Option output="..\bin\Debug-Windows-i686-SDL\ZeroMaid" prefix_auto="1" extension_auto="1" />
				<Option working_dir="..\..\..\Maid" />
				<Option object_output="..\obj\Debug-Windows-i686-SDL" />
				<Option type="0" />
				<Option compiler="gcc" />
				<Compiler>
					<Add option="-pg" />
					<Add option="-g" />
					<Add option="-DUSEDEBUG" />
					<Add option="-DUSESDL" />
					<Add option="-DUSEMUSIC" />
					<Add option="-DUSEMULTIMODS" />
					<Add option="-DEZXML_NOMMAP" />
					<Add directory="$(#sdl_mingw)\include" />
				</Compiler>
				<Linker>
					<Add option="-pg -lgmon" />
					<Add option="-pg" />
					<Add library="mingw32" />
					<Add library="SDLmain" />
					<Add library="SDL.dll" />
					<Add library="user32" />
					<Add library="gdi32" />
					<Add library="winmm" />
					<Add library="dxguid" />
					<Add library="SDL_mixer" />
					<Add library="SDL_ttf" />
					<Add directory="$(#sdl_mingw)\lib" />
				</Linker>
			</Target>
			<Target title="Release-Windows-i686-SDL">
				<Option platforms="Windows;" />
				<Option output="..\bin\Release-Windows-i686-SDL\ZeroMaid" prefix_auto="1" extension_auto="1" />
				<Option working_dir="..\..\..\Maid" />
				<Option object_output="..\obj\Release-Windows-i686-SDL" />
				<Option type="0" />
				<Option compiler="gcc" />
				<Compiler>
					<Add option="-O2" />
					<Add option="-DUSESDL" />
					<Add option="-DUSEMUSIC" />
					<Add option="-DUSEMULTIMODS" />
					<Add option="-DEZXML_NOMMAP" />
					<Add directory="$(#sdl_mingw)\include" />
				</Compiler>
				<Linker>
					<Add option="-s" />
					<Add option="-pg" />
					<Add library="mingw32" />
					<Add library="SDLmain" />
					<Add library="SDL.dll" />
					<Add library="user32" />
					<Add library="gdi32" />
					<Add library="winmm" />
					<Add library="dxguid" />
					<Add library="SDL_mixer" />
					<Add library="SDL_ttf" />
					<Add directory="$(#sdl_mingw)\lib" />
				</Linker>
			</Target>
			<Target title="Debug-Windows-i686-Allegro">
				<Option platforms="Windows;" />
				<Option output="..\bin\Debug-Windows-i686-Allegro\ZeroMaid" prefix_auto="1" extension_auto="1" />
				<Option working_dir="..\..\..\Maid" />
				<Option object_output="..\obj\Debug-Windows-i686-Allegro" />
				<Option type="1" />
				<Option compiler="gcc" />
				<Compiler>
					<Add option="-pg" />
					<Add option="-g" />
					<Add option="-DUSEDEBUG" />
					<Add option="-DUSEALLEGRO" />
					<Add option="-DUSEMULTIMODS" />
					<Add option="-DUSEMUSIC" />
					<Add option="-DEZXML_NOMMAP" />
					<Add option="-DOUTTOFILE" />
					<Add directory="$(#allegro_mingw)\include" />
				</Compiler>
				<Linker>
					<Add option="-pg -lgmon" />
					<Add option="-pg" />
					<Add library="alleg44" />
					<Add library="mingw32" />
					<Add directory="$(#allegro_mingw)\lib" />
				</Linker>
			</Target>
			<Target title="Release-Windows-i686-Allegro">
				<Option platforms="Windows;" />
				<Option output="..\bin\Release-Windows-i686-Allegro\ZeroMaid" prefix_auto="1" extension_auto="1" />
				<Option working_dir="..\..\..\Maid" />
				<Option object_output="..\obj\Release-Windows-i686-Allegro" />
				<Option type="0" />
				<Option compiler="gcc" />
				<Compiler>
					<Add option="-O2" />
					<Add option="-DUSEALLEGRO" />
					<Add option="-DUSEMUSIC" />
					<Add option="-DUSEMULTIMODS" />
					<Add option="-DEZXML_NOMMAP" />
					<Add directory="$(#allegro_mingw)\include" />
				</Compiler>
				<Linker>
					<Add option="-s" />
					<Add library="alleg" />
					<Add library="mingw32" />
					<Add directory="$(#allegro_mingw)\lib" />
				</Linker>
			</Target>
			<Target title="Debug-Windows-i686-DirectX">
				<Option output="ZeroMaid" prefix_auto="1" extension_auto="1" />
				<Option working_dir="..\..\..\Maid" />
				<Option type="0" />
				<Option compiler="microsoft_visual_c_2008" />
				<Compiler>
					<Add option="/TP" />
					<Add option="/W1" />
					<Add option="/Zi /D_DEBUG" />
					<Add option="/DVISUALSTUDIO" />
					<Add option="/DUSEDIRECTX" />
					<Add option="/DUSEMUSIC" />
					<Add option="/DEZXML_NOMMAP" />
					<Add directory="C:\Program Files\Microsoft DirectX SDK (August 2009)\Include" />
				</Compiler>
				<Linker>
					<Add option="/DEBUG" />
					<Add library="dinput8.lib" />
					<Add library="ddraw.lib" />
					<Add library="dxguid.lib" />
					<Add library="User32.lib" />
					<Add library="Gdi32.lib" />
					<Add library="kernel32.lib" />
					<Add library="advapi32.lib" />
					<Add library="comdlg32.lib" />
					<Add library="shell32.lib" />
					<Add directory="C:\Program Files\Microsoft DirectX SDK (August 2009)\Lib\x86" />
				</Linker>
			</Target>
			<Target title="Debug-Linux-i686-SDL">
				<Option platforms="Unix;" />
				<Option output="..\bin\Debug-Linux-i686-SDL\ZeroMaid" prefix_auto="1" extension_auto="1" />
				<Option working_dir="..\..\..\Maid" />
				<Option object_output="..\obj\Debug-Linux-i686-SDL" />
				<Option type="0" />
				<Option compiler="gcc" />
				<Compiler>
					<Add option="-pg" />
					<Add option="-g" />
					<Add option="`sdl-config --cflags`" />
					<Add option="-DUSEDEBUG" />
					<Add option="-DUSESDL" />
					<Add option="-DUSEMUSIC" />
					<Add option="-DUSEMULTIMODS" />
					<Add option="-DOUTTOFILE" />
				</Compiler>
				<Linker>
					<Add option="-pg" />
					<Add option="`sdl-config --libs`" />
					<Add library="SDL_mixer" />
					<Add library="SDL_ttf" />
					<Add library="SDL_image" />
				</Linker>
			</Target>
			<Target title="Debug-Linux-i686-Allegro">
				<Option platforms="Unix;" />
				<Option output="..\bin\Debug-Linux-i686-Allegro\ZeroMaid" prefix_auto="1" extension_auto="1" />
				<Option working_dir="..\..\..\Maid" />
				<Option object_output="..\obj\Debug-Linux-i686-Allegro" />
				<Option type="0" />
				<Option compiler="gcc" />
				<Compiler>
					<Add option="-pg" />
					<Add option="-g" />
					<Add option="`allegro-config --cflags`" />
					<Add option="-DUSEDEBUG" />
					<Add option="-DUSEALLEGRO" />
					<Add option="-DUSEMUSIC" />
					<Add option="-DUSEMULTIMODS" />
					<Add option="-DOUTTOFILE" />
				</Compiler>
				<Linker>
					<Add option="-pg" />
					<Add option="`allegro-config --libs`" />
				</Linker>
			</Target>
			<Target title="Debug-DOS-i386-Allegro">
				<Option output="..\bin\Debug-DOS-i386-Allegro\ZeroMaid" prefix_auto="1" extension_auto="1" />
				<Option working_dir="..\..\..\Maid" />
				<Option object_output="..\obj\Debug-DOS-i386-Allegro" />
				<Option type="1" />
				<Option compiler="djgpp_msdos_compiler" />
				<Compiler>
					<Add option="-pg" />
					<Add option="-g" />
					<Add option="-DUSEDEBUG" />
					<Add option="-DUSEALLEGRO" />
					<Add option="-DUSEMUSIC" />
				</Compiler>
				<Linker>
					<Add option="-pg -lgmon" />
					<Add library="alleg" />
				</Linker>
			</Target>
			<Target title="Debug-Wii-PPC-DKPWin">
				<Option platforms="Windows;" />
				<Option output="..\bin\Debug-Wii-PPC-DKPWin\boot.dol" prefix_auto="1" extension_auto="0" />
				<Option working_dir="..\..\..\Maid" />
				<Option object_output="..\obj\Debug-Wii-PPC-DKPWin" />
				<Option type="1" />
				<Option compiler="devkitpro_wii_ppc" />
				<Option projectLinkerOptionsRelation="1" />
				<Compiler>
					<Add option="-g" />
					<Add option="-DNOGUFIX" />
					<Add option="-DUSESDL" />
					<Add option="-DUSENET" />
					<Add option="-DUSEDEBUG" />
					<Add option="-DUSEWII" />
					<Add option="-DUSEMUSIC" />
					<Add option="-Dmain=SDL_main" />
					<Add option="-DEZXML_NOMMAP" />
					<Add directory="C:\lib\devkitPro\sdlwii\include" />
					<Add directory="C:\lib\devkitPro\libdolfs\include" />
				</Compiler>
				<Linker>
					<Add option="-mrvl" />
					<Add library="dolfs" />
					<Add library="db" />
					<Add library="SDL_net" />
					<Add library="SDL_ttf" />
					<Add library="SDL_gfx" />
					<Add library="SDL_mixer" />
					<Add library="SDL_image" />
					<Add library="SDL" />
					<Add library="smpeg" />
					<Add library="jpeg" />
					<Add library="png" />
					<Add library="freetype" />
					<Add library="z" />
					<Add library="fat" />
					<Add library="wiiuse" />
					<Add library="bte" />
					<Add library="ogc" />
					<Add library="m" />
					<Add library="wiikeyboard" />
					<Add directory="C:\lib\devkitPro\libogc\lib\wii" />
					<Add directory="C:\lib\devkitPro\sdlwii\lib\wii" />
					<Add directory="C:\lib\devkitPro\grrlib\lib" />
					<Add directory="C:\lib\devkitPro\libdolfs\lib\wii" />
					<Add directory="C:\lib\devkitPro\portlibs\lib" />
				</Linker>
				<ExtraCommands>
					<Add before="$(dfspack) ../../../Maid/maidex zeromaid_wii_data" />
					<Add after="#$(wiiload) ..\bin\Debug-Wii-PPC-DKPWin\boot.dol" />
					<Mode after="always" />
				</ExtraCommands>
				<Environment>
					<Variable name="wiiload" value="C:\lib\devkitPro\devkitPPC\bin\wiiload.bat" />
					<Variable name="dfspack" value="C:\lib\devkitPro\libdolfs\bin\dfspack.exe" />
				</Environment>
			</Target>
			<Target title="Release-Wii-PPC-DKPWin">
				<Option platforms="Windows;" />
				<Option output="..\bin\Release-Wii-PPC-DKPWin\boot.dol" prefix_auto="1" extension_auto="0" />
				<Option working_dir="..\..\..\Maid" />
				<Option object_output="..\obj\Release-Wii-PPC-DKPWin" />
				<Option type="1" />
				<Option compiler="devkitpro_wii_ppc" />
				<Option projectLinkerOptionsRelation="1" />
				<Compiler>
					<Add option="-O2" />
					<Add option="-DNOGUFIX" />
					<Add option="-DUSESDL" />
					<Add option="-DUSEMUSIC" />
					<Add option="-Dmain=SDL_main" />
					<Add option="-DEZXML_NOMMAP" />
					<Add directory="C:\lib\devkitPro\sdl\include" />
				</Compiler>
				<Linker>
					<Add option="-s" />
					<Add option="-mrvl" />
					<Add library="SDL_net" />
					<Add library="SDL_ttf" />
					<Add library="SDL_gfx" />
					<Add library="SDL_mixer" />
					<Add library="SDL_image" />
					<Add library="SDL" />
					<Add library="smpeg" />
					<Add library="jpeg" />
					<Add library="png" />
					<Add library="freetype" />
					<Add library="z" />
					<Add library="fat" />
					<Add library="wiiuse" />
					<Add library="bte" />
					<Add library="ogc" />
					<Add library="m" />
					<Add library="wiikeyboard" />
					<Add directory="C:\lib\devkitPro\libogc\lib\wii" />
					<Add directory="C:\lib\devkitPro\sdlwii\lib\wii" />
					<Add directory="C:\lib\devkitPro\grrlib\lib" />
					<Add directory="C:\lib\devkitPro\portlibs\lib" />
				</Linker>
			</Target>
			<Target title="Debug-NDS-ARM-DKPWin">
				<Option platforms="Windows;" />
				<Option output="..\bin\Debug-NDS-ARM-DKPWin\boot.dol" prefix_auto="1" extension_auto="0" />
				<Option working_dir="..\..\..\Maid" />
				<Option object_output="..\obj\Debug-NDS-ARM-DKPWin" />
				<Option type="1" />
				<Option compiler="devkitpro_nds_arm" />
				<Option projectLinkerOptionsRelation="1" />
				<Compiler>
					<Add option="-g" />
					<Add option="-DNOGUFIX" />
					<Add option="-DUSESDL" />
					<Add option="-DUSEDEBUG" />
					<Add option="-DUSENDS" />
					<Add option="-DUSEMUSIC" />
					<Add option="-Dmain=SDL_main" />
					<Add option="-DEZXML_NOMMAP" />
					<Add directory="C:\lib\devkitPro\sdlnds\include" />
				</Compiler>
				<Linker>
					<Add library="nds9" />
					<Add library="SDL_ttf" />
					<Add library="SDL" />
					<Add directory="C:\lib\devkitPro\sdlnds\lib" />
				</Linker>
			</Target>
		</Build>
		<Compiler>
			<Add option="-Wall" />
		</Compiler>
		<Unit filename="bstring\bstrlib.c">
			<Option compilerVar="CC" />
		</Unit>
		<Unit filename="bstring\bstrlib.h" />
		<Unit filename="cache.c">
			<Option compilerVar="CC" />
		</Unit>
		<Unit filename="cache.h" />
		<Unit filename="ddutil.cpp">
			<Option target="Debug-Windows-i686-DirectX" />
		</Unit>
		<Unit filename="ddutil.h">
			<Option target="Debug-Windows-i686-DirectX" />
		</Unit>
		<Unit filename="defines.h" />
		<Unit filename="event.c">
			<Option compilerVar="CC" />
		</Unit>
		<Unit filename="event.h" />
		<Unit filename="ezxml\ezxml.c">
			<Option compilerVar="CC" />
		</Unit>
		<Unit filename="ezxml\ezxml.h" />
		<Unit filename="graphics.c">
			<Option compilerVar="CC" />
		</Unit>
		<Unit filename="graphics.h" />
		<Unit filename="main.c">
			<Option compilerVar="CC" />
		</Unit>
		<Unit filename="mobile.c">
			<Option compilerVar="CC" />
		</Unit>
		<Unit filename="mobile.h" />
		<Unit filename="net_print\net_print.c">
			<Option compilerVar="CC" />
			<Option target="Debug-Wii-PPC-DKPWin" />
			<Option target="Release-Wii-PPC-DKPWin" />
		</Unit>
		<Unit filename="net_print\net_print.h">
			<Option target="Debug-Wii-PPC-DKPWin" />
			<Option target="Release-Wii-PPC-DKPWin" />
		</Unit>
		<Unit filename="resource.rc">
			<Option compilerVar="WINDRES" />
			<Option target="Debug-Windows-i686-SDL" />
			<Option target="Debug-Windows-i686-Allegro" />
			<Option target="Release-Windows-i686-Allegro" />
			<Option target="Debug-Linux-i686-SDL" />
			<Option target="Release-Windows-i686-SDL" />
			<Option target="Debug-Windows-i686-DirectX" />
			<Option target="Debug-Linux-i686-Allegro" />
		</Unit>
		<Unit filename="systype_adventure.c">
			<Option compilerVar="CC" />
		</Unit>
		<Unit filename="systype_adventure.h" />
		<Unit filename="systype_platform.c">
			<Option compilerVar="CC" />
		</Unit>
		<Unit filename="systype_platform.h" />
		<Unit filename="systype_title.c">
			<Option compilerVar="CC" />
		</Unit>
		<Unit filename="systype_title.h" />
		<Unit filename="systype_visnov.c">
			<Option compilerVar="CC" />
		</Unit>
		<Unit filename="systype_visnov.h" />
		<Unit filename="tilemap.c">
			<Option compilerVar="CC" />
		</Unit>
		<Unit filename="tilemap.h" />
		<Unit filename="util.c">
			<Option compilerVar="CC" />
		</Unit>
		<Unit filename="util.h" />
		<Unit filename="window.c">
			<Option compilerVar="CC" />
		</Unit>
		<Unit filename="window.h" />
		<Extensions>
			<code_completion />
			<envvars set="default" />
			<debugger />
		</Extensions>
	</Project>
</CodeBlocks_project_file>
